// !$*UTF8*$!
{
	archiveVersion = 1;
	classes = {
	};
	objectVersion = 46;
	objects = {

/* Begin PBXBuildFile section */
		14F794481CAB84CC00BF5809 /* main.m in Sources */ = {isa = PBXBuildFile; fileRef = 14F794471CAB84CC00BF5809 /* main.m */; };
		14F7944B1CAB84CC00BF5809 /* AppDelegate.m in Sources */ = {isa = PBXBuildFile; fileRef = 14F7944A1CAB84CC00BF5809 /* AppDelegate.m */; };
		14F7944E1CAB84CC00BF5809 /* ViewController.m in Sources */ = {isa = PBXBuildFile; fileRef = 14F7944D1CAB84CC00BF5809 /* ViewController.m */; };
		14F794511CAB84CC00BF5809 /* Main.storyboard in Resources */ = {isa = PBXBuildFile; fileRef = 14F7944F1CAB84CC00BF5809 /* Main.storyboard */; };
		14F794531CAB84CC00BF5809 /* Assets.xcassets in Resources */ = {isa = PBXBuildFile; fileRef = 14F794521CAB84CC00BF5809 /* Assets.xcassets */; };
		14F794561CAB84CC00BF5809 /* LaunchScreen.storyboard in Resources */ = {isa = PBXBuildFile; fileRef = 14F794541CAB84CC00BF5809 /* LaunchScreen.storyboard */; };
		14F794611CAB84CC00BF5809 /* CalculatorWithSpotlightTests.m in Sources */ = {isa = PBXBuildFile; fileRef = 14F794601CAB84CC00BF5809 /* CalculatorWithSpotlightTests.m */; };
		14F7946C1CAB84CC00BF5809 /* CalculatorWithSpotlightUITests.m in Sources */ = {isa = PBXBuildFile; fileRef = 14F7946B1CAB84CC00BF5809 /* CalculatorWithSpotlightUITests.m */; };
/* End PBXBuildFile section */

/* Begin PBXContainerItemProxy section */
		14F7945D1CAB84CC00BF5809 /* PBXContainerItemProxy */ = {
			isa = PBXContainerItemProxy;
			containerPortal = 14F7943B1CAB84CC00BF5809 /* Project object */;
			proxyType = 1;
			remoteGlobalIDString = 14F794421CAB84CC00BF5809;
			remoteInfo = CalculatorWithSpotlight;
		};
		14F794681CAB84CC00BF5809 /* PBXContainerItemProxy */ = {
			isa = PBXContainerItemProxy;
			containerPortal = 14F7943B1CAB84CC00BF5809 /* Project object */;
			proxyType = 1;
			remoteGlobalIDString = 14F794421CAB84CC00BF5809;
			remoteInfo = CalculatorWithSpotlight;
		};
/* End PBXContainerItemProxy section */

/* Begin PBXFileReference section */
		14F794431CAB84CC00BF5809 /* CalculatorWithSpotlight.app */ = {isa = PBXFileReference; explicitFileType = wrapper.application; includeInIndex = 0; path = CalculatorWithSpotlight.app; sourceTree = BUILT_PRODUCTS_DIR; };
		14F794471CAB84CC00BF5809 /* main.m */ = {isa = PBXFileReference; lastKnownFileType = sourcecode.c.objc; path = main.m; sourceTree = "<group>"; };
		14F794491CAB84CC00BF5809 /* AppDelegate.h */ = {isa = PBXFileReference; lastKnownFileType = sourcecode.c.h; path = AppDelegate.h; sourceTree = "<group>"; };
		14F7944A1CAB84CC00BF5809 /* AppDelegate.m */ = {isa = PBXFileReference; lastKnownFileType = sourcecode.c.objc; path = AppDelegate.m; sourceTree = "<group>"; };
		14F7944C1CAB84CC00BF5809 /* ViewController.h */ = {isa = PBXFileReference; lastKnownFileType = sourcecode.c.h; path = ViewController.h; sourceTree = "<group>"; };
		14F7944D1CAB84CC00BF5809 /* ViewController.m */ = {isa = PBXFileReference; lastKnownFileType = sourcecode.c.objc; path = ViewController.m; sourceTree = "<group>"; };
		14F794501CAB84CC00BF5809 /* Base */ = {isa = PBXFileReference; lastKnownFileType = file.storyboard; name = Base; path = Base.lproj/Main.storyboard; sourceTree = "<group>"; };
		14F794521CAB84CC00BF5809 /* Assets.xcassets */ = {isa = PBXFileReference; lastKnownFileType = folder.assetcatalog; path = Assets.xcassets; sourceTree = "<group>"; };
		14F794551CAB84CC00BF5809 /* Base */ = {isa = PBXFileReference; lastKnownFileType = file.storyboard; name = Base; path = Base.lproj/LaunchScreen.storyboard; sourceTree = "<group>"; };
		14F794571CAB84CC00BF5809 /* Info.plist */ = {isa = PBXFileReference; lastKnownFileType = text.plist.xml; path = Info.plist; sourceTree = "<group>"; };
		14F7945C1CAB84CC00BF5809 /* CalculatorWithSpotlightTests.xctest */ = {isa = PBXFileReference; explicitFileType = wrapper.cfbundle; includeInIndex = 0; path = CalculatorWithSpotlightTests.xctest; sourceTree = BUILT_PRODUCTS_DIR; };
		14F794601CAB84CC00BF5809 /* CalculatorWithSpotlightTests.m */ = {isa = PBXFileReference; lastKnownFileType = sourcecode.c.objc; path = CalculatorWithSpotlightTests.m; sourceTree = "<group>"; };
		14F794621CAB84CC00BF5809 /* Info.plist */ = {isa = PBXFileReference; lastKnownFileType = text.plist.xml; path = Info.plist; sourceTree = "<group>"; };
		14F794671CAB84CC00BF5809 /* CalculatorWithSpotlightUITests.xctest */ = {isa = PBXFileReference; explicitFileType = wrapper.cfbundle; includeInIndex = 0; path = CalculatorWithSpotlightUITests.xctest; sourceTree = BUILT_PRODUCTS_DIR; };
		14F7946B1CAB84CC00BF5809 /* CalculatorWithSpotlightUITests.m */ = {isa = PBXFileReference; lastKnownFileType = sourcecode.c.objc; path = CalculatorWithSpotlightUITests.m; sourceTree = "<group>"; };
		14F7946D1CAB84CC00BF5809 /* Info.plist */ = {isa = PBXFileReference; lastKnownFileType = text.plist.xml; path = Info.plist; sourceTree = "<group>"; };
/* End PBXFileReference section */

/* Begin PBXFrameworksBuildPhase section */
		14F794401CAB84CC00BF5809 /* Frameworks */ = {
			isa = PBXFrameworksBuildPhase;
			buildActionMask = 2147483647;
			files = (
			);
			runOnlyForDeploymentPostprocessing = 0;
		};
		14F794591CAB84CC00BF5809 /* Frameworks */ = {
			isa = PBXFrameworksBuildPhase;
			buildActionMask = 2147483647;
			files = (
			);
			runOnlyForDeploymentPostprocessing = 0;
		};
		14F794641CAB84CC00BF5809 /* Frameworks */ = {
			isa = PBXFrameworksBuildPhase;
			buildActionMask = 2147483647;
			files = (
			);
			runOnlyForDeploymentPostprocessing = 0;
		};
/* End PBXFrameworksBuildPhase section */

/* Begin PBXGroup section */
		14F7943A1CAB84CC00BF5809 = {
			isa = PBXGroup;
			children = (
				14F794451CAB84CC00BF5809 /* CalculatorWithSpotlight */,
				14F7945F1CAB84CC00BF5809 /* CalculatorWithSpotlightTests */,
				14F7946A1CAB84CC00BF5809 /* CalculatorWithSpotlightUITests */,
				14F794441CAB84CC00BF5809 /* Products */,
			);
			sourceTree = "<group>";
		};
		14F794441CAB84CC00BF5809 /* Products */ = {
			isa = PBXGroup;
			children = (
				14F794431CAB84CC00BF5809 /* CalculatorWithSpotlight.app */,
				14F7945C1CAB84CC00BF5809 /* CalculatorWithSpotlightTests.xctest */,
				14F794671CAB84CC00BF5809 /* CalculatorWithSpotlightUITests.xctest */,
			);
			name = Products;
			sourceTree = "<group>";
		};
		14F794451CAB84CC00BF5809 /* CalculatorWithSpotlight */ = {
			isa = PBXGroup;
			children = (
				14F794491CAB84CC00BF5809 /* AppDelegate.h */,
				14F7944A1CAB84CC00BF5809 /* AppDelegate.m */,
				14F7944C1CAB84CC00BF5809 /* ViewController.h */,
				14F7944D1CAB84CC00BF5809 /* ViewController.m */,
				14F7944F1CAB84CC00BF5809 /* Main.storyboard */,
				14F794521CAB84CC00BF5809 /* Assets.xcassets */,
				14F794541CAB84CC00BF5809 /* LaunchScreen.storyboard */,
				14F794571CAB84CC00BF5809 /* Info.plist */,
				14F794461CAB84CC00BF5809 /* Supporting Files */,
			);
			path = CalculatorWithSpotlight;
			sourceTree = "<group>";
		};
		14F794461CAB84CC00BF5809 /* Supporting Files */ = {
			isa = PBXGroup;
			children = (
				14F794471CAB84CC00BF5809 /* main.m */,
			);
			name = "Supporting Files";
			sourceTree = "<group>";
		};
		14F7945F1CAB84CC00BF5809 /* CalculatorWithSpotlightTests */ = {
			isa = PBXGroup;
			children = (
				14F794601CAB84CC00BF5809 /* CalculatorWithSpotlightTests.m */,
				14F794621CAB84CC00BF5809 /* Info.plist */,
			);
			path = CalculatorWithSpotlightTests;
			sourceTree = "<group>";
		};
		14F7946A1CAB84CC00BF5809 /* CalculatorWithSpotlightUITests */ = {
			isa = PBXGroup;
			children = (
				14F7946B1CAB84CC00BF5809 /* CalculatorWithSpotlightUITests.m */,
				14F7946D1CAB84CC00BF5809 /* Info.plist */,
			);
			path = CalculatorWithSpotlightUITests;
			sourceTree = "<group>";
		};
/* End PBXGroup section */

/* Begin PBXNativeTarget section */
		14F794421CAB84CC00BF5809 /* CalculatorWithSpotlight */ = {
			isa = PBXNativeTarget;
			buildConfigurationList = 14F794701CAB84CC00BF5809 /* Build configuration list for PBXNativeTarget "CalculatorWithSpotlight" */;
			buildPhases = (
				14F7943F1CAB84CC00BF5809 /* Sources */,
				14F794401CAB84CC00BF5809 /* Frameworks */,
				14F794411CAB84CC00BF5809 /* Resources */,
			);
			buildRules = (
			);
			dependencies = (
			);
			name = CalculatorWithSpotlight;
			productName = CalculatorWithSpotlight;
			productReference = 14F794431CAB84CC00BF5809 /* CalculatorWithSpotlight.app */;
			productType = "com.apple.product-type.application";
		};
		14F7945B1CAB84CC00BF5809 /* CalculatorWithSpotlightTests */ = {
			isa = PBXNativeTarget;
			buildConfigurationList = 14F794731CAB84CC00BF5809 /* Build configuration list for PBXNativeTarget "CalculatorWithSpotlightTests" */;
			buildPhases = (
				14F794581CAB84CC00BF5809 /* Sources */,
				14F794591CAB84CC00BF5809 /* Frameworks */,
				14F7945A1CAB84CC00BF5809 /* Resources */,
			);
			buildRules = (
			);
			dependencies = (
				14F7945E1CAB84CC00BF5809 /* PBXTargetDependency */,
			);
			name = CalculatorWithSpotlightTests;
			productName = CalculatorWithSpotlightTests;
			productReference = 14F7945C1CAB84CC00BF5809 /* CalculatorWithSpotlightTests.xctest */;
			productType = "com.apple.product-type.bundle.unit-test";
		};
		14F794661CAB84CC00BF5809 /* CalculatorWithSpotlightUITests */ = {
			isa = PBXNativeTarget;
			buildConfigurationList = 14F794761CAB84CC00BF5809 /* Build configuration list for PBXNativeTarget "CalculatorWithSpotlightUITests" */;
			buildPhases = (
				14F794631CAB84CC00BF5809 /* Sources */,
				14F794641CAB84CC00BF5809 /* Frameworks */,
				14F794651CAB84CC00BF5809 /* Resources */,
			);
			buildRules = (
			);
			dependencies = (
				14F794691CAB84CC00BF5809 /* PBXTargetDependency */,
			);
			name = CalculatorWithSpotlightUITests;
			productName = CalculatorWithSpotlightUITests;
			productReference = 14F794671CAB84CC00BF5809 /* CalculatorWithSpotlightUITests.xctest */;
			productType = "com.apple.product-type.bundle.ui-testing";
		};
/* End PBXNativeTarget section */

/* Begin PBXProject section */
		14F7943B1CAB84CC00BF5809 /* Project object */ = {
			isa = PBXProject;
			attributes = {
				LastUpgradeCheck = 0720;
				TargetAttributes = {
					14F794421CAB84CC00BF5809 = {
						CreatedOnToolsVersion = 7.2.1;
					};
					14F7945B1CAB84CC00BF5809 = {
						CreatedOnToolsVersion = 7.2.1;
						TestTargetID = 14F794421CAB84CC00BF5809;
					};
					14F794661CAB84CC00BF5809 = {
						CreatedOnToolsVersion = 7.2.1;
						TestTargetID = 14F794421CAB84CC00BF5809;
					};
				};
			};
			buildConfigurationList = 14F7943E1CAB84CC00BF5809 /* Build configuration list for PBXProject "CalculatorWithSpotlight" */;
			compatibilityVersion = "Xcode 3.2";
			developmentRegion = English;
			hasScannedForEncodings = 0;
			knownRegions = (
				en,
				Base,
			);
			mainGroup = 14F7943A1CAB84CC00BF5809;
			productRefGroup = 14F794441CAB84CC00BF5809 /* Products */;
			projectDirPath = "";
			projectRoot = "";
			targets = (
				14F794421CAB84CC00BF5809 /* CalculatorWithSpotlight */,
				14F7945B1CAB84CC00BF5809 /* CalculatorWithSpotlightTests */,
				14F794661CAB84CC00BF5809 /* CalculatorWithSpotlightUITests */,
			);
		};
/* End PBXProject section */

/* Begin PBXResourcesBuildPhase section */
		14F794411CAB84CC00BF5809 /* Resources */ = {
			isa = PBXResourcesBuildPhase;
			buildActionMask = 2147483647;
			files = (
				14F794561CAB84CC00BF5809 /* LaunchScreen.storyboard in Resources */,
				14F794531CAB84CC00BF5809 /* Assets.xcassets in Resources */,
				14F794511CAB84CC00BF5809 /* Main.storyboard in Resources */,
			);
			runOnlyForDeploymentPostprocessing = 0;
		};
		14F7945A1CAB84CC00BF5809 /* Resources */ = {
			isa = PBXResourcesBuildPhase;
			buildActionMask = 2147483647;
			files = (
			);
			runOnlyForDeploymentPostprocessing = 0;
		};
		14F794651CAB84CC00BF5809 /* Resources */ = {
			isa = PBXResourcesBuildPhase;
			buildActionMask = 2147483647;
			files = (
			);
			runOnlyForDeploymentPostprocessing = 0;
		};
/* End PBXResourcesBuildPhase section */

/* Begin PBXSourcesBuildPhase section */
		14F7943F1CAB84CC00BF5809 /* Sources */ = {
			isa = PBXSourcesBuildPhase;
			buildActionMask = 2147483647;
			files = (
				14F7944E1CAB84CC00BF5809 /* ViewController.m in Sources */,
				14F7944B1CAB84CC00BF5809 /* AppDelegate.m in Sources */,
				14F794481CAB84CC00BF5809 /* main.m in Sources */,
			);
			runOnlyForDeploymentPostprocessing = 0;
		};
		14F794581CAB84CC00BF5809 /* Sources */ = {
			isa = PBXSourcesBuildPhase;
			buildActionMask = 2147483647;
			files = (
				14F794611CAB84CC00BF5809 /* CalculatorWithSpotlightTests.m in Sources */,
			);
			runOnlyForDeploymentPostprocessing = 0;
		};
		14F794631CAB84CC00BF5809 /* Sources */ = {
			isa = PBXSourcesBuildPhase;
			buildActionMask = 2147483647;
			files = (
				14F7946C1CAB84CC00BF5809 /* CalculatorWithSpotlightUITests.m in Sources */,
			);
			runOnlyForDeploymentPostprocessing = 0;
		};
/* End PBXSourcesBuildPhase section */

/* Begin PBXTargetDependency section */
		14F7945E1CAB84CC00BF5809 /* PBXTargetDependency */ = {
			isa = PBXTargetDependency;
			target = 14F794421CAB84CC00BF5809 /* CalculatorWithSpotlight */;
			targetProxy = 14F7945D1CAB84CC00BF5809 /* PBXContainerItemProxy */;
		};
		14F794691CAB84CC00BF5809 /* PBXTargetDependency */ = {
			isa = PBXTargetDependency;
			target = 14F794421CAB84CC00BF5809 /* CalculatorWithSpotlight */;
			targetProxy = 14F794681CAB84CC00BF5809 /* PBXContainerItemProxy */;
		};
/* End PBXTargetDependency section */

/* Begin PBXVariantGroup section */
		14F7944F1CAB84CC00BF5809 /* Main.storyboard */ = {
			isa = PBXVariantGroup;
			children = (
				14F794501CAB84CC00BF5809 /* Base */,
			);
			name = Main.storyboard;
			sourceTree = "<group>";
		};
		14F794541CAB84CC00BF5809 /* LaunchScreen.storyboard */ = {
			isa = PBXVariantGroup;
			children = (
				14F794551CAB84CC00BF5809 /* Base */,
			);
			name = LaunchScreen.storyboard;
			sourceTree = "<group>";
		};
/* End PBXVariantGroup section */

/* Begin XCBuildConfiguration section */
		14F7946E1CAB84CC00BF5809 /* Debug */ = {
			isa = XCBuildConfiguration;
			buildSettings = {
				ALWAYS_SEARCH_USER_PATHS = NO;
				CLANG_CXX_LANGUAGE_STANDARD = "gnu++0x";
				CLANG_CXX_LIBRARY = "libc++";
				CLANG_ENABLE_MODULES = YES;
				CLANG_ENABLE_OBJC_ARC = YES;
				CLANG_WARN_BOOL_CONVERSION = YES;
				CLANG_WARN_CONSTANT_CONVERSION = YES;
				CLANG_WARN_DIRECT_OBJC_ISA_USAGE = YES_ERROR;
				CLANG_WARN_EMPTY_BODY = YES;
				CLANG_WARN_ENUM_CONVERSION = YES;
				CLANG_WARN_INT_CONVERSION = YES;
				CLANG_WARN_OBJC_ROOT_CLASS = YES_ERROR;
				CLANG_WARN_UNREACHABLE_CODE = YES;
				CLANG_WARN__DUPLICATE_METHOD_MATCH = YES;
				"CODE_SIGN_IDENTITY[sdk=iphoneos*]" = "iPhone Developer";
				COPY_PHASE_STRIP = NO;
				DEBUG_INFORMATION_FORMAT = dwarf;
				ENABLE_STRICT_OBJC_MSGSEND = YES;
				ENABLE_TESTABILITY = YES;
				GCC_C_LANGUAGE_STANDARD = gnu99;
				GCC_DYNAMIC_NO_PIC = NO;
				GCC_NO_COMMON_BLOCKS = YES;
				GCC_OPTIMIZATION_LEVEL = 0;
				GCC_PREPROCESSOR_DEFINITIONS = (
					"DEBUG=1",
					"$(inherited)",
				);
				GCC_WARN_64_TO_32_BIT_CONVERSION = YES;
				GCC_WARN_ABOUT_RETURN_TYPE = YES_ERROR;
				GCC_WARN_UNDECLARED_SELECTOR = YES;
				GCC_WARN_UNINITIALIZED_AUTOS = YES_AGGRESSIVE;
				GCC_WARN_UNUSED_FUNCTION = YES;
				GCC_WARN_UNUSED_VARIABLE = YES;
				IPHONEOS_DEPLOYMENT_TARGET = 9.2;
				MTL_ENABLE_DEBUG_INFO = YES;
				ONLY_ACTIVE_ARCH = YES;
				SDKROOT = iphoneos;
			};
			name = Debug;
		};
		14F7946F1CAB84CC00BF5809 /* Release */ = {
			isa = XCBuildConfiguration;
			buildSettings = {
				ALWAYS_SEARCH_USER_PATHS = NO;
				CLANG_CXX_LANGUAGE_STANDARD = "gnu++0x";
				CLANG_CXX_LIBRARY = "libc++";
				CLANG_ENABLE_MODULES = YES;
				CLANG_ENABLE_OBJC_ARC = YES;
				CLANG_WARN_BOOL_CONVERSION = YES;
				CLANG_WARN_CONSTANT_CONVERSION = YES;
				CLANG_WARN_DIRECT_OBJC_ISA_USAGE = YES_ERROR;
				CLANG_WARN_EMPTY_BODY = YES;
				CLANG_WARN_ENUM_CONVERSION = YES;
				CLANG_WARN_INT_CONVERSION = YES;
				CLANG_WARN_OBJC_ROOT_CLASS = YES_ERROR;
				CLANG_WARN_UNREACHABLE_CODE = YES;
				CLANG_WARN__DUPLICATE_METHOD_MATCH = YES;
				"CODE_SIGN_IDENTITY[sdk=iphoneos*]" = "iPhone Developer";
				COPY_PHASE_STRIP = NO;
				DEBUG_INFORMATION_FORMAT = "dwarf-with-dsym";
				ENABLE_NS_ASSERTIONS = NO;
				ENABLE_STRICT_OBJC_MSGSEND = YES;
				GCC_C_LANGUAGE_STANDARD = gnu99;
				GCC_NO_COMMON_BLOCKS = YES;
				GCC_WARN_64_TO_32_BIT_CONVERSION = YES;
				GCC_WARN_ABOUT_RETURN_TYPE = YES_ERROR;
				GCC_WARN_UNDECLARED_SELECTOR = YES;
				GCC_WARN_UNINITIALIZED_AUTOS = YES_AGGRESSIVE;
				GCC_WARN_UNUSED_FUNCTION = YES;
				GCC_WARN_UNUSED_VARIABLE = YES;
				IPHONEOS_DEPLOYMENT_TARGET = 9.2;
				MTL_ENABLE_DEBUG_INFO = NO;
				SDKROOT = iphoneos;
				VALIDATE_PRODUCT = YES;
			};
			name = Release;
		};
		14F794711CAB84CC00BF5809 /* Debug */ = {
			isa = XCBuildConfiguration;
			buildSettings = {
				ASSETCATALOG_COMPILER_APPICON_NAME = AppIcon;
				INFOPLIST_FILE = CalculatorWithSpotlight/Info.plist;
				LD_RUNPATH_SEARCH_PATHS = "$(inherited) @executable_path/Frameworks";
				PRODUCT_BUNDLE_IDENTIFIER = fly.CalculatorWithSpotlight;
				PRODUCT_NAME = "$(TARGET_NAME)";
			};
			name = Debug;
		};
		14F794721CAB84CC00BF5809 /* Release */ = {
			isa = XCBuildConfiguration;
			buildSettings = {
				ASSETCATALOG_COMPILER_APPICON_NAME = AppIcon;
				INFOPLIST_FILE = CalculatorWithSpotlight/Info.plist;
				LD_RUNPATH_SEARCH_PATHS = "$(inherited) @executable_path/Frameworks";
				PRODUCT_BUNDLE_IDENTIFIER = fly.CalculatorWithSpotlight;
				PRODUCT_NAME = "$(TARGET_NAME)";
			};
			name = Release;
		};
		14F794741CAB84CC00BF5809 /* Debug */ = {
			isa = XCBuildConfiguration;
			buildSettings = {
				BUNDLE_LOADER = "$(TEST_HOST)";
				INFOPLIST_FILE = CalculatorWithSpotlightTests/Info.plist;
				LD_RUNPATH_SEARCH_PATHS = "$(inherited) @executable_path/Frameworks @loader_path/Frameworks";
				PRODUCT_BUNDLE_IDENTIFIER = fly.CalculatorWithSpotlightTests;
				PRODUCT_NAME = "$(TARGET_NAME)";
				TEST_HOST = "$(BUILT_PRODUCTS_DIR)/CalculatorWithSpotlight.app/CalculatorWithSpotlight";
			};
			name = Debug;
		};
		14F794751CAB84CC00BF5809 /* Release */ = {
			isa = XCBuildConfiguration;
			buildSettings = {
				BUNDLE_LOADER = "$(TEST_HOST)";
				INFOPLIST_FILE = CalculatorWithSpotlightTests/Info.plist;
				LD_RUNPATH_SEARCH_PATHS = "$(inherited) @executable_path/Frameworks @loader_path/Frameworks";
				PRODUCT_BUNDLE_IDENTIFIER = fly.CalculatorWithSpotlightTests;
				PRODUCT_NAME = "$(TARGET_NAME)";
				TEST_HOST = "$(BUILT_PRODUCTS_DIR)/CalculatorWithSpotlight.app/CalculatorWithSpotlight";
			};
			name = Release;
		};
		14F794771CAB84CC00BF5809 /* Debug */ = {
			isa = XCBuildConfiguration;
			buildSettings = {
				INFOPLIST_FILE = CalculatorWithSpotlightUITests/Info.plist;
				LD_RUNPATH_SEARCH_PATHS = "$(inherited) @executable_path/Frameworks @loader_path/Frameworks";
				PRODUCT_BUNDLE_IDENTIFIER = fly.CalculatorWithSpotlightUITests;
				PRODUCT_NAME = "$(TARGET_NAME)";
				TEST_TARGET_NAME = CalculatorWithSpotlight;
				USES_XCTRUNNER = YES;
			};
			name = Debug;
		};
		14F794781CAB84CC00BF5809 /* Release */ = {
			isa = XCBuildConfiguration;
			buildSettings = {
				INFOPLIST_FILE = CalculatorWithSpotlightUITests/Info.plist;
				LD_RUNPATH_SEARCH_PATHS = "$(inherited) @executable_path/Frameworks @loader_path/Frameworks";
				PRODUCT_BUNDLE_IDENTIFIER = fly.CalculatorWithSpotlightUITests;
				PRODUCT_NAME = "$(TARGET_NAME)";
				TEST_TARGET_NAME = CalculatorWithSpotlight;
				USES_XCTRUNNER = YES;
			};
			name = Release;
		};
/* End XCBuildConfiguration section */

/* Begin XCConfigurationList section */
		14F7943E1CAB84CC00BF5809 /* Build configuration list for PBXProject "CalculatorWithSpotlight" */ = {
			isa = XCConfigurationList;
			buildConfigurations = (
				14F7946E1CAB84CC00BF5809 /* Debug */,
				14F7946F1CAB84CC00BF5809 /* Release */,
			);
			defaultConfigurationIsVisible = 0;
			defaultConfigurationName = Release;
		};
		14F794701CAB84CC00BF5809 /* Build configuration list for PBXNativeTarget "CalculatorWithSpotlight" */ = {
			isa = XCConfigurationList;
			buildConfigurations = (
				14F794711CAB84CC00BF5809 /* Debug */,
				14F794721CAB84CC00BF5809 /* Release */,
			);
			defaultConfigurationIsVisible = 0;
		};
		14F794731CAB84CC00BF5809 /* Build configuration list for PBXNativeTarget "CalculatorWithSpotlightTests" */ = {
			isa = XCConfigurationList;
			buildConfigurations = (
				14F794741CAB84CC00BF5809 /* Debug */,
				14F794751CAB84CC00BF5809 /* Release */,
			);
			defaultConfigurationIsVisible = 0;
		};
		14F794761CAB84CC00BF5809 /* Build configuration list for PBXNativeTarget "CalculatorWithSpotlightUITests" */ = {
			isa = XCConfigurationList;
			buildConfigurations = (
				14F794771CAB84CC00BF5809 /* Debug */,
				14F794781CAB84CC00BF5809 /* Release */,
			);
			defaultConfigurationIsVisible = 0;
		};
/* End XCConfigurationList section */
	};
	rootObject = 14F7943B1CAB84CC00BF5809 /* Project object */;
}
